
Microsoft Visual Studio Solution File, Format Version 12.00
# Visual Studio Version 17
VisualStudioVersion = 17.11.35222.181
MinimumVisualStudioVersion = 10.0.40219.1
Project("{FAE04EC0-301F-11D3-BF4B-00C04F79EFBC}") = "Demo07", "Demo07\Demo07.csproj", "{6F66A51D-953D-4AC4-8DDD-EE12361EFB55}"
EndProject
Project("{FAE04EC0-301F-11D3-BF4B-00C04F79EFBC}") = "Data", "Data\Data.csproj", "{85273FC5-8A6A-455D-B64A-96B20DAE0908}"
EndProject
Project("{FAE04EC0-301F-11D3-BF4B-00C04F79EFBC}") = "Business", "Business\Business.csproj", "{4C33C4F1-F4EB-49F3-9D6A-0F51C4910649}"
EndProject
Project("{FAE04EC0-301F-11D3-BF4B-00C04F79EFBC}") = "Entity", "Entity\Entity.csproj", "{A4F542BD-66D1-4370-B3C8-14494CD0DDEE}"
EndProject
Global
	GlobalSection(SolutionConfigurationPlatforms) = preSolution
		Debug|Any CPU = Debug|Any CPU
		Release|Any CPU = Release|Any CPU
	EndGlobalSection
	GlobalSection(ProjectConfigurationPlatforms) = postSolution
		{6F66A51D-953D-4AC4-8DDD-EE12361EFB55}.Debug|Any CPU.ActiveCfg = Debug|Any CPU
		{6F66A51D-953D-4AC4-8DDD-EE12361EFB55}.Debug|Any CPU.Build.0 = Debug|Any CPU
		{6F66A51D-953D-4AC4-8DDD-EE12361EFB55}.Release|Any CPU.ActiveCfg = Release|Any CPU
		{6F66A51D-953D-4AC4-8DDD-EE12361EFB55}.Release|Any CPU.Build.0 = Release|Any CPU
		{85273FC5-8A6A-455D-B64A-96B20DAE0908}.Debug|Any CPU.ActiveCfg = Debug|Any CPU
		{85273FC5-8A6A-455D-B64A-96B20DAE0908}.Debug|Any CPU.Build.0 = Debug|Any CPU
		{85273FC5-8A6A-455D-B64A-96B20DAE0908}.Release|Any CPU.ActiveCfg = Release|Any CPU
		{85273FC5-8A6A-455D-B64A-96B20DAE0908}.Release|Any CPU.Build.0 = Release|Any CPU
		{4C33C4F1-F4EB-49F3-9D6A-0F51C4910649}.Debug|Any CPU.ActiveCfg = Debug|Any CPU
		{4C33C4F1-F4EB-49F3-9D6A-0F51C4910649}.Debug|Any CPU.Build.0 = Debug|Any CPU
		{4C33C4F1-F4EB-49F3-9D6A-0F51C4910649}.Release|Any CPU.ActiveCfg = Release|Any CPU
		{4C33C4F1-F4EB-49F3-9D6A-0F51C4910649}.Release|Any CPU.Build.0 = Release|Any CPU
		{A4F542BD-66D1-4370-B3C8-14494CD0DDEE}.Debug|Any CPU.ActiveCfg = Debug|Any CPU
		{A4F542BD-66D1-4370-B3C8-14494CD0DDEE}.Debug|Any CPU.Build.0 = Debug|Any CPU
		{A4F542BD-66D1-4370-B3C8-14494CD0DDEE}.Release|Any CPU.ActiveCfg = Release|Any CPU
		{A4F542BD-66D1-4370-B3C8-14494CD0DDEE}.Release|Any CPU.Build.0 = Release|Any CPU
	EndGlobalSection
	GlobalSection(SolutionProperties) = preSolution
		HideSolutionNode = FALSE
	EndGlobalSection
	GlobalSection(ExtensibilityGlobals) = postSolution
		SolutionGuid = {F269B364-7986-41C7-8456-2B5462636EE0}
	EndGlobalSection
EndGlobal
